
Microsoft Visual Studio Solution File, Format Version 12.00
# Visual Studio Version 17
VisualStudioVersion = 17.8.34309.116
MinimumVisualStudioVersion = 10.0.40219.1
Project("{FAE04EC0-301F-11D3-BF4B-00C04F79EFBC}") = "Phoneword", "Phoneword.csproj", "{DA77D69E-EF7E-4921-ADC6-4E00472BB21D}"
EndProject
Global
	GlobalSection(SolutionConfigurationPlatforms) = preSolution
		Debug|Any CPU = Debug|Any CPU
		Release|Any CPU = Release|Any CPU
	EndGlobalSection
	GlobalSection(ProjectConfigurationPlatforms) = postSolution
		{DA77D69E-EF7E-4921-ADC6-4E00472BB21D}.Debug|Any CPU.ActiveCfg = Debug|Any CPU
		{DA77D69E-EF7E-4921-ADC6-4E00472BB21D}.Debug|Any CPU.Build.0 = Debug|Any CPU
		{DA77D69E-EF7E-4921-ADC6-4E00472BB21D}.Debug|Any CPU.Deploy.0 = Debug|Any CPU
		{DA77D69E-EF7E-4921-ADC6-4E00472BB21D}.Release|Any CPU.ActiveCfg = Release|Any CPU
		{DA77D69E-EF7E-4921-ADC6-4E00472BB21D}.Release|Any CPU.Build.0 = Release|Any CPU
		{DA77D69E-EF7E-4921-ADC6-4E00472BB21D}.Release|Any CPU.Deploy.0 = Release|Any CPU
	EndGlobalSection
	GlobalSection(SolutionProperties) = preSolution
		HideSolutionNode = FALSE
	EndGlobalSection
	GlobalSection(ExtensibilityGlobals) = postSolution
		SolutionGuid = {F2FB6739-5189-4F14-9BB3-9351CBBA9729}
	EndGlobalSection
EndGlobal
